<?xml version="1.0" encoding="UTF-8"?>
<CodeBlocks_project_file>
	<FileVersion major="1" minor="6"/>
	<Project>
		<Option title="parsingBlockchain"/>
		<Option makefile_is_custom="1"/>
		<Option compiler="gcc"/>
		<Option virtualFolders="CMake Files\;"/>
		<Build>
			<Target title="all">
				<Option working_dir="/home/vincenzo/MEGA/Programmazione/Programmazione/parsingBlockchain"/>
				<Option type="4"/>
				<MakeCommands>
					<Build command="/usr/bin/make -f &quot;/home/vincenzo/MEGA/Programmazione/Programmazione/parsingBlockchain/Makefile&quot;  VERBOSE=1 all"/>
					<CompileFile command="/usr/bin/make -f &quot;/home/vincenzo/MEGA/Programmazione/Programmazione/parsingBlockchain/Makefile&quot;  VERBOSE=1 &quot;$file&quot;"/>
					<Clean command="/usr/bin/make -f &quot;/home/vincenzo/MEGA/Programmazione/Programmazione/parsingBlockchain/Makefile&quot;  VERBOSE=1 clean"/>
					<DistClean command="/usr/bin/make -f &quot;/home/vincenzo/MEGA/Programmazione/Programmazione/parsingBlockchain/Makefile&quot;  VERBOSE=1 clean"/>
				</MakeCommands>
			</Target>
			<Target title="edit_cache">
				<Option working_dir="/home/vincenzo/MEGA/Programmazione/Programmazione/parsingBlockchain"/>
				<Option type="4"/>
				<MakeCommands>
					<Build command="/usr/bin/make -f &quot;/home/vincenzo/MEGA/Programmazione/Programmazione/parsingBlockchain/Makefile&quot;  VERBOSE=1 edit_cache"/>
					<CompileFile command="/usr/bin/make -f &quot;/home/vincenzo/MEGA/Programmazione/Programmazione/parsingBlockchain/Makefile&quot;  VERBOSE=1 &quot;$file&quot;"/>
					<Clean command="/usr/bin/make -f &quot;/home/vincenzo/MEGA/Programmazione/Programmazione/parsingBlockchain/Makefile&quot;  VERBOSE=1 clean"/>
					<DistClean command="/usr/bin/make -f &quot;/home/vincenzo/MEGA/Programmazione/Programmazione/parsingBlockchain/Makefile&quot;  VERBOSE=1 clean"/>
				</MakeCommands>
			</Target>
			<Target title="test">
				<Option working_dir="/home/vincenzo/MEGA/Programmazione/Programmazione/parsingBlockchain"/>
				<Option type="4"/>
				<MakeCommands>
					<Build command="/usr/bin/make -f &quot;/home/vincenzo/MEGA/Programmazione/Programmazione/parsingBlockchain/Makefile&quot;  VERBOSE=1 test"/>
					<CompileFile command="/usr/bin/make -f &quot;/home/vincenzo/MEGA/Programmazione/Programmazione/parsingBlockchain/Makefile&quot;  VERBOSE=1 &quot;$file&quot;"/>
					<Clean command="/usr/bin/make -f &quot;/home/vincenzo/MEGA/Programmazione/Programmazione/parsingBlockchain/Makefile&quot;  VERBOSE=1 clean"/>
					<DistClean command="/usr/bin/make -f &quot;/home/vincenzo/MEGA/Programmazione/Programmazione/parsingBlockchain/Makefile&quot;  VERBOSE=1 clean"/>
				</MakeCommands>
			</Target>
			<Target title="rebuild_cache">
				<Option working_dir="/home/vincenzo/MEGA/Programmazione/Programmazione/parsingBlockchain"/>
				<Option type="4"/>
				<MakeCommands>
					<Build command="/usr/bin/make -f &quot;/home/vincenzo/MEGA/Programmazione/Programmazione/parsingBlockchain/Makefile&quot;  VERBOSE=1 rebuild_cache"/>
					<CompileFile command="/usr/bin/make -f &quot;/home/vincenzo/MEGA/Programmazione/Programmazione/parsingBlockchain/Makefile&quot;  VERBOSE=1 &quot;$file&quot;"/>
					<Clean command="/usr/bin/make -f &quot;/home/vincenzo/MEGA/Programmazione/Programmazione/parsingBlockchain/Makefile&quot;  VERBOSE=1 clean"/>
					<DistClean command="/usr/bin/make -f &quot;/home/vincenzo/MEGA/Programmazione/Programmazione/parsingBlockchain/Makefile&quot;  VERBOSE=1 clean"/>
				</MakeCommands>
			</Target>
			<Target title="runTests">
				<Option output="/home/vincenzo/MEGA/Programmazione/Programmazione/parsingBlockchain/runTests" prefix_auto="0" extension_auto="0"/>
				<Option working_dir="/home/vincenzo/MEGA/Programmazione/Programmazione/parsingBlockchain"/>
				<Option object_output="./"/>
				<Option type="1"/>
				<Option compiler="gcc"/>
				<Compiler/>
				<MakeCommands>
					<Build command="/usr/bin/make -f &quot;/home/vincenzo/MEGA/Programmazione/Programmazione/parsingBlockchain/Makefile&quot;  VERBOSE=1 runTests"/>
					<CompileFile command="/usr/bin/make -f &quot;/home/vincenzo/MEGA/Programmazione/Programmazione/parsingBlockchain/Makefile&quot;  VERBOSE=1 &quot;$file&quot;"/>
					<Clean command="/usr/bin/make -f &quot;/home/vincenzo/MEGA/Programmazione/Programmazione/parsingBlockchain/Makefile&quot;  VERBOSE=1 clean"/>
					<DistClean command="/usr/bin/make -f &quot;/home/vincenzo/MEGA/Programmazione/Programmazione/parsingBlockchain/Makefile&quot;  VERBOSE=1 clean"/>
				</MakeCommands>
			</Target>
			<Target title="runTests/fast">
				<Option output="/home/vincenzo/MEGA/Programmazione/Programmazione/parsingBlockchain/runTests" prefix_auto="0" extension_auto="0"/>
				<Option working_dir="/home/vincenzo/MEGA/Programmazione/Programmazione/parsingBlockchain"/>
				<Option object_output="./"/>
				<Option type="1"/>
				<Option compiler="gcc"/>
				<Compiler/>
				<MakeCommands>
					<Build command="/usr/bin/make -f &quot;/home/vincenzo/MEGA/Programmazione/Programmazione/parsingBlockchain/Makefile&quot;  VERBOSE=1 runTests/fast"/>
					<CompileFile command="/usr/bin/make -f &quot;/home/vincenzo/MEGA/Programmazione/Programmazione/parsingBlockchain/Makefile&quot;  VERBOSE=1 &quot;$file&quot;"/>
					<Clean command="/usr/bin/make -f &quot;/home/vincenzo/MEGA/Programmazione/Programmazione/parsingBlockchain/Makefile&quot;  VERBOSE=1 clean"/>
					<DistClean command="/usr/bin/make -f &quot;/home/vincenzo/MEGA/Programmazione/Programmazione/parsingBlockchain/Makefile&quot;  VERBOSE=1 clean"/>
				</MakeCommands>
			</Target>
			<Target title="parsingBlockchain">
				<Option output="/home/vincenzo/MEGA/Programmazione/Programmazione/parsingBlockchain/parsingBlockchain" prefix_auto="0" extension_auto="0"/>
				<Option working_dir="/home/vincenzo/MEGA/Programmazione/Programmazione/parsingBlockchain"/>
				<Option object_output="./"/>
				<Option type="1"/>
				<Option compiler="gcc"/>
				<Compiler/>
				<MakeCommands>
					<Build command="/usr/bin/make -f &quot;/home/vincenzo/MEGA/Programmazione/Programmazione/parsingBlockchain/Makefile&quot;  VERBOSE=1 parsingBlockchain"/>
					<CompileFile command="/usr/bin/make -f &quot;/home/vincenzo/MEGA/Programmazione/Programmazione/parsingBlockchain/Makefile&quot;  VERBOSE=1 &quot;$file&quot;"/>
					<Clean command="/usr/bin/make -f &quot;/home/vincenzo/MEGA/Programmazione/Programmazione/parsingBlockchain/Makefile&quot;  VERBOSE=1 clean"/>
					<DistClean command="/usr/bin/make -f &quot;/home/vincenzo/MEGA/Programmazione/Programmazione/parsingBlockchain/Makefile&quot;  VERBOSE=1 clean"/>
				</MakeCommands>
			</Target>
			<Target title="parsingBlockchain/fast">
				<Option output="/home/vincenzo/MEGA/Programmazione/Programmazione/parsingBlockchain/parsingBlockchain" prefix_auto="0" extension_auto="0"/>
				<Option working_dir="/home/vincenzo/MEGA/Programmazione/Programmazione/parsingBlockchain"/>
				<Option object_output="./"/>
				<Option type="1"/>
				<Option compiler="gcc"/>
				<Compiler/>
				<MakeCommands>
					<Build command="/usr/bin/make -f &quot;/home/vincenzo/MEGA/Programmazione/Programmazione/parsingBlockchain/Makefile&quot;  VERBOSE=1 parsingBlockchain/fast"/>
					<CompileFile command="/usr/bin/make -f &quot;/home/vincenzo/MEGA/Programmazione/Programmazione/parsingBlockchain/Makefile&quot;  VERBOSE=1 &quot;$file&quot;"/>
					<Clean command="/usr/bin/make -f &quot;/home/vincenzo/MEGA/Programmazione/Programmazione/parsingBlockchain/Makefile&quot;  VERBOSE=1 clean"/>
					<DistClean command="/usr/bin/make -f &quot;/home/vincenzo/MEGA/Programmazione/Programmazione/parsingBlockchain/Makefile&quot;  VERBOSE=1 clean"/>
				</MakeCommands>
			</Target>
		</Build>
		<Unit filename="/home/vincenzo/MEGA/Programmazione/Programmazione/parsingBlockchain/ParserBlock.cpp">
			<Option target="parsingBlockchain"/>
		</Unit>
		<Unit filename="/home/vincenzo/MEGA/Programmazione/Programmazione/parsingBlockchain/structure/block/block.cpp">
			<Option target="parsingBlockchain"/>
		</Unit>
		<Unit filename="/home/vincenzo/MEGA/Programmazione/Programmazione/parsingBlockchain/structure/block/block.h">
			<Option target="parsingBlockchain"/>
		</Unit>
		<Unit filename="/home/vincenzo/MEGA/Programmazione/Programmazione/parsingBlockchain/structure/block/blockHeader.cpp">
			<Option target="parsingBlockchain"/>
		</Unit>
		<Unit filename="/home/vincenzo/MEGA/Programmazione/Programmazione/parsingBlockchain/structure/block/blockHeader.h">
			<Option target="parsingBlockchain"/>
		</Unit>
		<Unit filename="/home/vincenzo/MEGA/Programmazione/Programmazione/parsingBlockchain/structure/script/scriptCode.cpp">
			<Option target="parsingBlockchain"/>
		</Unit>
		<Unit filename="/home/vincenzo/MEGA/Programmazione/Programmazione/parsingBlockchain/structure/script/scriptCode.h">
			<Option target="parsingBlockchain"/>
		</Unit>
		<Unit filename="/home/vincenzo/MEGA/Programmazione/Programmazione/parsingBlockchain/structure/transaction/RawTransaction.cpp">
			<Option target="parsingBlockchain"/>
		</Unit>
		<Unit filename="/home/vincenzo/MEGA/Programmazione/Programmazione/parsingBlockchain/structure/transaction/RawTransaction.h">
			<Option target="parsingBlockchain"/>
		</Unit>
		<Unit filename="/home/vincenzo/MEGA/Programmazione/Programmazione/parsingBlockchain/structure/transaction/TransactionInput.cpp">
			<Option target="parsingBlockchain"/>
		</Unit>
		<Unit filename="/home/vincenzo/MEGA/Programmazione/Programmazione/parsingBlockchain/structure/transaction/TransactionInput.h">
			<Option target="parsingBlockchain"/>
		</Unit>
		<Unit filename="/home/vincenzo/MEGA/Programmazione/Programmazione/parsingBlockchain/structure/transaction/TransactionOutput.cpp">
			<Option target="parsingBlockchain"/>
		</Unit>
		<Unit filename="/home/vincenzo/MEGA/Programmazione/Programmazione/parsingBlockchain/structure/transaction/TransactionOutput.h">
			<Option target="parsingBlockchain"/>
		</Unit>
		<Unit filename="/home/vincenzo/MEGA/Programmazione/Programmazione/parsingBlockchain/test/RunTest.cpp">
			<Option target="runTests"/>
		</Unit>
		<Unit filename="/home/vincenzo/MEGA/Programmazione/Programmazione/parsingBlockchain/type/DScript.cpp">
			<Option target="parsingBlockchain"/>
		</Unit>
		<Unit filename="/home/vincenzo/MEGA/Programmazione/Programmazione/parsingBlockchain/type/DScript.h">
			<Option target="parsingBlockchain"/>
		</Unit>
		<Unit filename="/home/vincenzo/MEGA/Programmazione/Programmazione/parsingBlockchain/type/DVarInt.cpp">
			<Option target="parsingBlockchain"/>
		</Unit>
		<Unit filename="/home/vincenzo/MEGA/Programmazione/Programmazione/parsingBlockchain/type/DVarInt.h">
			<Option target="parsingBlockchain"/>
		</Unit>
		<Unit filename="/home/vincenzo/MEGA/Programmazione/Programmazione/parsingBlockchain/type/Outpoint.cpp">
			<Option target="parsingBlockchain"/>
		</Unit>
		<Unit filename="/home/vincenzo/MEGA/Programmazione/Programmazione/parsingBlockchain/type/Outpoint.h">
			<Option target="parsingBlockchain"/>
		</Unit>
		<Unit filename="/home/vincenzo/MEGA/Programmazione/Programmazione/parsingBlockchain/CMakeLists.txt">
			<Option virtualFolder="CMake Files\"/>
		</Unit>
	</Project>
</CodeBlocks_project_file>
