<?xml version="1.0" encoding="UTF-8"?>
<CodeBlocks_project_file>
	<FileVersion major="1" minor="6"/>
	<Project>
		<Option title="spyCblock"/>
		<Option makefile_is_custom="1"/>
		<Option compiler="gcc"/>
		<Option virtualFolders="CMake Files\;CMake Files\..\;CMake Files\..\..\;CMake Files\..\..\..\;CMake Files\..\..\..\..\;CMake Files\..\..\..\..\usr\;CMake Files\..\..\..\..\usr\local\;CMake Files\..\..\..\..\usr\local\lib\;CMake Files\..\..\..\..\usr\local\lib\cmake\;CMake Files\..\..\..\..\usr\local\lib\cmake\glog\;CMake Files\..\..\..\..\usr\lib\;CMake Files\..\..\..\..\usr\lib\x86_64-linux-gnu\;CMake Files\..\..\..\..\usr\lib\x86_64-linux-gnu\cmake\;CMake Files\..\..\..\..\usr\lib\x86_64-linux-gnu\cmake\gflags\;"/>
		<Build>
			<Target title="all">
				<Option working_dir="/home/vincenzo/Github/SpyCblock"/>
				<Option type="4"/>
				<MakeCommands>
					<Build command="/usr/bin/make -f &quot;/home/vincenzo/Github/SpyCblock/Makefile&quot;  VERBOSE=1 all"/>
					<CompileFile command="/usr/bin/make -f &quot;/home/vincenzo/Github/SpyCblock/Makefile&quot;  VERBOSE=1 &quot;$file&quot;"/>
					<Clean command="/usr/bin/make -f &quot;/home/vincenzo/Github/SpyCblock/Makefile&quot;  VERBOSE=1 clean"/>
					<DistClean command="/usr/bin/make -f &quot;/home/vincenzo/Github/SpyCblock/Makefile&quot;  VERBOSE=1 clean"/>
				</MakeCommands>
			</Target>
			<Target title="edit_cache">
				<Option working_dir="/home/vincenzo/Github/SpyCblock"/>
				<Option type="4"/>
				<MakeCommands>
					<Build command="/usr/bin/make -f &quot;/home/vincenzo/Github/SpyCblock/Makefile&quot;  VERBOSE=1 edit_cache"/>
					<CompileFile command="/usr/bin/make -f &quot;/home/vincenzo/Github/SpyCblock/Makefile&quot;  VERBOSE=1 &quot;$file&quot;"/>
					<Clean command="/usr/bin/make -f &quot;/home/vincenzo/Github/SpyCblock/Makefile&quot;  VERBOSE=1 clean"/>
					<DistClean command="/usr/bin/make -f &quot;/home/vincenzo/Github/SpyCblock/Makefile&quot;  VERBOSE=1 clean"/>
				</MakeCommands>
			</Target>
			<Target title="test">
				<Option working_dir="/home/vincenzo/Github/SpyCblock"/>
				<Option type="4"/>
				<MakeCommands>
					<Build command="/usr/bin/make -f &quot;/home/vincenzo/Github/SpyCblock/Makefile&quot;  VERBOSE=1 test"/>
					<CompileFile command="/usr/bin/make -f &quot;/home/vincenzo/Github/SpyCblock/Makefile&quot;  VERBOSE=1 &quot;$file&quot;"/>
					<Clean command="/usr/bin/make -f &quot;/home/vincenzo/Github/SpyCblock/Makefile&quot;  VERBOSE=1 clean"/>
					<DistClean command="/usr/bin/make -f &quot;/home/vincenzo/Github/SpyCblock/Makefile&quot;  VERBOSE=1 clean"/>
				</MakeCommands>
			</Target>
			<Target title="rebuild_cache">
				<Option working_dir="/home/vincenzo/Github/SpyCblock"/>
				<Option type="4"/>
				<MakeCommands>
					<Build command="/usr/bin/make -f &quot;/home/vincenzo/Github/SpyCblock/Makefile&quot;  VERBOSE=1 rebuild_cache"/>
					<CompileFile command="/usr/bin/make -f &quot;/home/vincenzo/Github/SpyCblock/Makefile&quot;  VERBOSE=1 &quot;$file&quot;"/>
					<Clean command="/usr/bin/make -f &quot;/home/vincenzo/Github/SpyCblock/Makefile&quot;  VERBOSE=1 clean"/>
					<DistClean command="/usr/bin/make -f &quot;/home/vincenzo/Github/SpyCblock/Makefile&quot;  VERBOSE=1 clean"/>
				</MakeCommands>
			</Target>
			<Target title="runTests">
				<Option output="/home/vincenzo/Github/SpyCblock/runTests" prefix_auto="0" extension_auto="0"/>
				<Option working_dir="/home/vincenzo/Github/SpyCblock"/>
				<Option object_output="./"/>
				<Option type="1"/>
				<Option compiler="gcc"/>
				<Compiler>
					<Add option="-DGFLAGS_DLL_DECLARE_FLAG="/>
					<Add option="-DGFLAGS_DLL_DEFINE_FLAG="/>
					<Add option="-DGOOGLE_GLOG_DLL_DECL="/>
					<Add option="-DGFLAGS_IS_A_DLL=0"/>
					<Add directory="/usr/local/include"/>
				</Compiler>
				<MakeCommands>
					<Build command="/usr/bin/make -f &quot;/home/vincenzo/Github/SpyCblock/Makefile&quot;  VERBOSE=1 runTests"/>
					<CompileFile command="/usr/bin/make -f &quot;/home/vincenzo/Github/SpyCblock/Makefile&quot;  VERBOSE=1 &quot;$file&quot;"/>
					<Clean command="/usr/bin/make -f &quot;/home/vincenzo/Github/SpyCblock/Makefile&quot;  VERBOSE=1 clean"/>
					<DistClean command="/usr/bin/make -f &quot;/home/vincenzo/Github/SpyCblock/Makefile&quot;  VERBOSE=1 clean"/>
				</MakeCommands>
			</Target>
			<Target title="runTests/fast">
				<Option output="/home/vincenzo/Github/SpyCblock/runTests" prefix_auto="0" extension_auto="0"/>
				<Option working_dir="/home/vincenzo/Github/SpyCblock"/>
				<Option object_output="./"/>
				<Option type="1"/>
				<Option compiler="gcc"/>
				<Compiler>
					<Add option="-DGFLAGS_DLL_DECLARE_FLAG="/>
					<Add option="-DGFLAGS_DLL_DEFINE_FLAG="/>
					<Add option="-DGOOGLE_GLOG_DLL_DECL="/>
					<Add option="-DGFLAGS_IS_A_DLL=0"/>
					<Add directory="/usr/local/include"/>
				</Compiler>
				<MakeCommands>
					<Build command="/usr/bin/make -f &quot;/home/vincenzo/Github/SpyCblock/Makefile&quot;  VERBOSE=1 runTests/fast"/>
					<CompileFile command="/usr/bin/make -f &quot;/home/vincenzo/Github/SpyCblock/Makefile&quot;  VERBOSE=1 &quot;$file&quot;"/>
					<Clean command="/usr/bin/make -f &quot;/home/vincenzo/Github/SpyCblock/Makefile&quot;  VERBOSE=1 clean"/>
					<DistClean command="/usr/bin/make -f &quot;/home/vincenzo/Github/SpyCblock/Makefile&quot;  VERBOSE=1 clean"/>
				</MakeCommands>
			</Target>
			<Target title="spyCblock">
				<Option output="/home/vincenzo/Github/SpyCblock/spyCblock" prefix_auto="0" extension_auto="0"/>
				<Option working_dir="/home/vincenzo/Github/SpyCblock"/>
				<Option object_output="./"/>
				<Option type="1"/>
				<Option compiler="gcc"/>
				<Compiler>
					<Add option="-DGFLAGS_DLL_DECLARE_FLAG="/>
					<Add option="-DGFLAGS_DLL_DEFINE_FLAG="/>
					<Add option="-DGOOGLE_GLOG_DLL_DECL="/>
					<Add option="-DGFLAGS_IS_A_DLL=0"/>
					<Add directory="/usr/local/include"/>
				</Compiler>
				<MakeCommands>
					<Build command="/usr/bin/make -f &quot;/home/vincenzo/Github/SpyCblock/Makefile&quot;  VERBOSE=1 spyCblock"/>
					<CompileFile command="/usr/bin/make -f &quot;/home/vincenzo/Github/SpyCblock/Makefile&quot;  VERBOSE=1 &quot;$file&quot;"/>
					<Clean command="/usr/bin/make -f &quot;/home/vincenzo/Github/SpyCblock/Makefile&quot;  VERBOSE=1 clean"/>
					<DistClean command="/usr/bin/make -f &quot;/home/vincenzo/Github/SpyCblock/Makefile&quot;  VERBOSE=1 clean"/>
				</MakeCommands>
			</Target>
			<Target title="spyCblock/fast">
				<Option output="/home/vincenzo/Github/SpyCblock/spyCblock" prefix_auto="0" extension_auto="0"/>
				<Option working_dir="/home/vincenzo/Github/SpyCblock"/>
				<Option object_output="./"/>
				<Option type="1"/>
				<Option compiler="gcc"/>
				<Compiler>
					<Add option="-DGFLAGS_DLL_DECLARE_FLAG="/>
					<Add option="-DGFLAGS_DLL_DEFINE_FLAG="/>
					<Add option="-DGOOGLE_GLOG_DLL_DECL="/>
					<Add option="-DGFLAGS_IS_A_DLL=0"/>
					<Add directory="/usr/local/include"/>
				</Compiler>
				<MakeCommands>
					<Build command="/usr/bin/make -f &quot;/home/vincenzo/Github/SpyCblock/Makefile&quot;  VERBOSE=1 spyCblock/fast"/>
					<CompileFile command="/usr/bin/make -f &quot;/home/vincenzo/Github/SpyCblock/Makefile&quot;  VERBOSE=1 &quot;$file&quot;"/>
					<Clean command="/usr/bin/make -f &quot;/home/vincenzo/Github/SpyCblock/Makefile&quot;  VERBOSE=1 clean"/>
					<DistClean command="/usr/bin/make -f &quot;/home/vincenzo/Github/SpyCblock/Makefile&quot;  VERBOSE=1 clean"/>
				</MakeCommands>
			</Target>
		</Build>
		<Unit filename="/home/vincenzo/Github/SpyCblock/core/ParserMain.cpp">
			<Option target="spyCblock"/>
		</Unit>
		<Unit filename="/home/vincenzo/Github/SpyCblock/core/SpyCBlock.cpp">
			<Option target="spyCblock"/>
		</Unit>
		<Unit filename="/home/vincenzo/Github/SpyCblock/core/SpyCBlock.h">
			<Option target="spyCblock"/>
		</Unit>
		<Unit filename="/home/vincenzo/Github/SpyCblock/crypto/DSha256.cpp">
			<Option target="runTests"/>
			<Option target="spyCblock"/>
		</Unit>
		<Unit filename="/home/vincenzo/Github/SpyCblock/crypto/DSha256.h">
			<Option target="runTests"/>
			<Option target="spyCblock"/>
		</Unit>
		<Unit filename="/home/vincenzo/Github/SpyCblock/crypto/cryptosingleton.cpp">
			<Option target="runTests"/>
			<Option target="spyCblock"/>
		</Unit>
		<Unit filename="/home/vincenzo/Github/SpyCblock/crypto/cryptosingleton.h">
			<Option target="runTests"/>
			<Option target="spyCblock"/>
		</Unit>
		<Unit filename="/home/vincenzo/Github/SpyCblock/cryptobitcoin/Sha256.cpp">
			<Option target="runTests"/>
			<Option target="spyCblock"/>
		</Unit>
		<Unit filename="/home/vincenzo/Github/SpyCblock/cryptobitcoin/Sha256.hpp">
			<Option target="runTests"/>
			<Option target="spyCblock"/>
		</Unit>
		<Unit filename="/home/vincenzo/Github/SpyCblock/cryptobitcoin/Sha256Hash.cpp">
			<Option target="runTests"/>
			<Option target="spyCblock"/>
		</Unit>
		<Unit filename="/home/vincenzo/Github/SpyCblock/cryptobitcoin/Sha256Hash.hpp">
			<Option target="runTests"/>
			<Option target="spyCblock"/>
		</Unit>
		<Unit filename="/home/vincenzo/Github/SpyCblock/cryptobitcoin/Utils.cpp">
			<Option target="runTests"/>
			<Option target="spyCblock"/>
		</Unit>
		<Unit filename="/home/vincenzo/Github/SpyCblock/cryptobitcoin/Utils.hpp">
			<Option target="runTests"/>
			<Option target="spyCblock"/>
		</Unit>
		<Unit filename="/home/vincenzo/Github/SpyCblock/persistence/DAOBlockchain.cpp">
			<Option target="runTests"/>
			<Option target="spyCblock"/>
		</Unit>
		<Unit filename="/home/vincenzo/Github/SpyCblock/persistence/DAOBlockchain.h">
			<Option target="runTests"/>
			<Option target="spyCblock"/>
		</Unit>
		<Unit filename="/home/vincenzo/Github/SpyCblock/persistence/DAOException.cpp">
			<Option target="runTests"/>
			<Option target="spyCblock"/>
		</Unit>
		<Unit filename="/home/vincenzo/Github/SpyCblock/persistence/DAOException.h">
			<Option target="runTests"/>
			<Option target="spyCblock"/>
		</Unit>
		<Unit filename="/home/vincenzo/Github/SpyCblock/structure/block/block.cpp">
			<Option target="runTests"/>
			<Option target="spyCblock"/>
		</Unit>
		<Unit filename="/home/vincenzo/Github/SpyCblock/structure/block/block.h">
			<Option target="runTests"/>
			<Option target="spyCblock"/>
		</Unit>
		<Unit filename="/home/vincenzo/Github/SpyCblock/structure/block/blockHeader.cpp">
			<Option target="runTests"/>
			<Option target="spyCblock"/>
		</Unit>
		<Unit filename="/home/vincenzo/Github/SpyCblock/structure/block/blockHeader.h">
			<Option target="runTests"/>
			<Option target="spyCblock"/>
		</Unit>
		<Unit filename="/home/vincenzo/Github/SpyCblock/structure/script/scriptCode.cpp">
			<Option target="runTests"/>
			<Option target="spyCblock"/>
		</Unit>
		<Unit filename="/home/vincenzo/Github/SpyCblock/structure/script/scriptCode.h">
			<Option target="runTests"/>
			<Option target="spyCblock"/>
		</Unit>
		<Unit filename="/home/vincenzo/Github/SpyCblock/structure/transaction/RawTransaction.cpp">
			<Option target="runTests"/>
			<Option target="spyCblock"/>
		</Unit>
		<Unit filename="/home/vincenzo/Github/SpyCblock/structure/transaction/RawTransaction.h">
			<Option target="runTests"/>
			<Option target="spyCblock"/>
		</Unit>
		<Unit filename="/home/vincenzo/Github/SpyCblock/structure/transaction/TransactionInput.cpp">
			<Option target="runTests"/>
			<Option target="spyCblock"/>
		</Unit>
		<Unit filename="/home/vincenzo/Github/SpyCblock/structure/transaction/TransactionInput.h">
			<Option target="runTests"/>
			<Option target="spyCblock"/>
		</Unit>
		<Unit filename="/home/vincenzo/Github/SpyCblock/structure/transaction/TransactionOutput.cpp">
			<Option target="runTests"/>
			<Option target="spyCblock"/>
		</Unit>
		<Unit filename="/home/vincenzo/Github/SpyCblock/structure/transaction/TransactionOutput.h">
			<Option target="runTests"/>
			<Option target="spyCblock"/>
		</Unit>
		<Unit filename="/home/vincenzo/Github/SpyCblock/structure/type/DScript.cpp">
			<Option target="runTests"/>
			<Option target="spyCblock"/>
		</Unit>
		<Unit filename="/home/vincenzo/Github/SpyCblock/structure/type/DScript.h">
			<Option target="runTests"/>
			<Option target="spyCblock"/>
		</Unit>
		<Unit filename="/home/vincenzo/Github/SpyCblock/structure/type/DVarInt.cpp">
			<Option target="runTests"/>
			<Option target="spyCblock"/>
		</Unit>
		<Unit filename="/home/vincenzo/Github/SpyCblock/structure/type/DVarInt.h">
			<Option target="runTests"/>
			<Option target="spyCblock"/>
		</Unit>
		<Unit filename="/home/vincenzo/Github/SpyCblock/structure/type/Outpoint.cpp">
			<Option target="runTests"/>
			<Option target="spyCblock"/>
		</Unit>
		<Unit filename="/home/vincenzo/Github/SpyCblock/structure/type/Outpoint.h">
			<Option target="runTests"/>
			<Option target="spyCblock"/>
		</Unit>
		<Unit filename="/home/vincenzo/Github/SpyCblock/test/DAOBlockchainTest.cpp">
			<Option target="runTests"/>
		</Unit>
		<Unit filename="/home/vincenzo/Github/SpyCblock/test/RunTest.cpp">
			<Option target="runTests"/>
		</Unit>
		<Unit filename="/home/vincenzo/Github/SpyCblock/test/SHABitcoinCoreTest.cpp">
			<Option target="runTests"/>
		</Unit>
		<Unit filename="/home/vincenzo/Github/SpyCblock/util/prevector.cpp">
			<Option target="runTests"/>
			<Option target="spyCblock"/>
		</Unit>
		<Unit filename="/home/vincenzo/Github/SpyCblock/util/prevector.h">
			<Option target="runTests"/>
			<Option target="spyCblock"/>
		</Unit>
		<Unit filename="/home/vincenzo/Github/SpyCblock/util/strencodings.cpp">
			<Option target="runTests"/>
			<Option target="spyCblock"/>
		</Unit>
		<Unit filename="/home/vincenzo/Github/SpyCblock/util/strencodings.h">
			<Option target="runTests"/>
			<Option target="spyCblock"/>
		</Unit>
		<Unit filename="/home/vincenzo/Github/SpyCblock/util/uint256.cpp">
			<Option target="runTests"/>
			<Option target="spyCblock"/>
		</Unit>
		<Unit filename="/home/vincenzo/Github/SpyCblock/util/uint256.h">
			<Option target="runTests"/>
			<Option target="spyCblock"/>
		</Unit>
		<Unit filename="/home/vincenzo/Github/SpyCblock/CMakeLists.txt">
			<Option virtualFolder="CMake Files\"/>
		</Unit>
		<Unit filename="/home/vincenzo/Github/SpyCblock/../../../../usr/local/lib/cmake/glog/glog-config-version.cmake">
			<Option virtualFolder="CMake Files\..\..\..\..\usr\local\lib\cmake\glog\"/>
		</Unit>
		<Unit filename="/home/vincenzo/Github/SpyCblock/../../../../usr/local/lib/cmake/glog/glog-config.cmake">
			<Option virtualFolder="CMake Files\..\..\..\..\usr\local\lib\cmake\glog\"/>
		</Unit>
		<Unit filename="/home/vincenzo/Github/SpyCblock/../../../../usr/local/lib/cmake/glog/glog-targets-noconfig.cmake">
			<Option virtualFolder="CMake Files\..\..\..\..\usr\local\lib\cmake\glog\"/>
		</Unit>
		<Unit filename="/home/vincenzo/Github/SpyCblock/../../../../usr/local/lib/cmake/glog/glog-targets.cmake">
			<Option virtualFolder="CMake Files\..\..\..\..\usr\local\lib\cmake\glog\"/>
		</Unit>
		<Unit filename="/home/vincenzo/Github/SpyCblock/../../../../usr/lib/x86_64-linux-gnu/cmake/gflags/gflags-config-version.cmake">
			<Option virtualFolder="CMake Files\..\..\..\..\usr\lib\x86_64-linux-gnu\cmake\gflags\"/>
		</Unit>
		<Unit filename="/home/vincenzo/Github/SpyCblock/../../../../usr/lib/x86_64-linux-gnu/cmake/gflags/gflags-config.cmake">
			<Option virtualFolder="CMake Files\..\..\..\..\usr\lib\x86_64-linux-gnu\cmake\gflags\"/>
		</Unit>
		<Unit filename="/home/vincenzo/Github/SpyCblock/../../../../usr/lib/x86_64-linux-gnu/cmake/gflags/gflags-targets-release.cmake">
			<Option virtualFolder="CMake Files\..\..\..\..\usr\lib\x86_64-linux-gnu\cmake\gflags\"/>
		</Unit>
		<Unit filename="/home/vincenzo/Github/SpyCblock/../../../../usr/lib/x86_64-linux-gnu/cmake/gflags/gflags-targets.cmake">
			<Option virtualFolder="CMake Files\..\..\..\..\usr\lib\x86_64-linux-gnu\cmake\gflags\"/>
		</Unit>
	</Project>
</CodeBlocks_project_file>
